
Microsoft Visual Studio Solution File, Format Version 12.00
# Visual Studio Version 17
VisualStudioVersion = 17.7.34302.85
MinimumVisualStudioVersion = 10.0.40219.1
Project("{9A19103F-16F7-4668-BE54-9A1E7A4F7556}") = "RaspberryPi.Common", "RaspberryPi.Common\RaspberryPi.Common.csproj", "{9424A14D-C772-4AF8-B728-A788CA27CD70}"
EndProject
Project("{9A19103F-16F7-4668-BE54-9A1E7A4F7556}") = "RaspberryPi", "RaspberryPi\RaspberryPi.csproj", "{C916FDEE-DA2C-458F-9113-A152D6BF61FD}"
EndProject
Project("{2150E333-8FDC-42A3-9474-1A3956D46DE8}") = "Services", "Services", "{DFF02CAA-B468-4EDC-BD3D-F8572B46D5EB}"
EndProject
Project("{9A19103F-16F7-4668-BE54-9A1E7A4F7556}") = "RaspberryPi.Tests", "RaspberryPi.Tests\RaspberryPi.Tests.csproj", "{72AB3EE1-35B2-4A4B-916B-CB9931F67442}"
EndProject
Project("{2150E333-8FDC-42A3-9474-1A3956D46DE8}") = "Tests", "Tests", "{D06EA8A3-3C4E-4935-B189-2DFCBC497C79}"
EndProject
Project("{9A19103F-16F7-4668-BE54-9A1E7A4F7556}") = "RaspberryPi.Tests.Common", "RaspberryPi.Tests.Common\RaspberryPi.Tests.Common.csproj", "{5465B42A-E947-4626-902D-2A52382CBF66}"
EndProject
Project("{9A19103F-16F7-4668-BE54-9A1E7A4F7556}") = "GorudoYami.Common", "..\NET\GorudoYami\GorudoYami.Common\GorudoYami.Common.csproj", "{3708024E-A82E-4D6F-8EC8-920A4E77770A}"
EndProject
Project("{9A19103F-16F7-4668-BE54-9A1E7A4F7556}") = "RaspberryPi.Camera", "Services\RaspberryPi.Camera\RaspberryPi.Camera.csproj", "{84D796AE-8734-45AD-9B3D-C62E40F99727}"
EndProject
Project("{9A19103F-16F7-4668-BE54-9A1E7A4F7556}") = "RaspberryPi.Client", "Services\RaspberryPi.Client\RaspberryPi.Client.csproj", "{5FF34E8F-43FE-49E9-B424-23C92086DAAD}"
EndProject
Project("{9A19103F-16F7-4668-BE54-9A1E7A4F7556}") = "RaspberryPi.Driving", "Services\RaspberryPi.Driving\RaspberryPi.Driving.csproj", "{F500AD8E-93D1-4B0D-AB54-7951B5195479}"
EndProject
Project("{9A19103F-16F7-4668-BE54-9A1E7A4F7556}") = "RaspberryPi.TcpServer", "Services\RaspberryPi.Server\RaspberryPi.TcpServer.csproj", "{21678AF2-E8D1-49F8-84BC-B33AF034042D}"
EndProject
Project("{9A19103F-16F7-4668-BE54-9A1E7A4F7556}") = "RaspberryPi.Sensors", "Services\RaspberryPi.Sensors\RaspberryPi.Sensors.csproj", "{A6F1BCF1-3F7F-493D-BEA3-B6AED4F582DE}"
EndProject
Project("{9A19103F-16F7-4668-BE54-9A1E7A4F7556}") = "RaspberryPi.Mqtt", "Services\RaspberryPi.Mqtt\RaspberryPi.Mqtt.csproj", "{F32B5882-4149-4842-913D-B8E968646B0C}"
EndProject
Project("{9A19103F-16F7-4668-BE54-9A1E7A4F7556}") = "RaspberryPi.ModemServer", "Services\RaspberryPi.ModemServer\RaspberryPi.ModemServer.csproj", "{349EAB16-2C52-4C69-8B79-4867BCA163DD}"
EndProject
Project("{9A19103F-16F7-4668-BE54-9A1E7A4F7556}") = "RaspberryPi.ModemMqtt", "Services\RaspberryPi.ModemMqtt\RaspberryPi.ModemMqtt.csproj", "{FBE37484-9ED3-4453-B54A-FDA1AAB373FC}"
EndProject
Project("{9A19103F-16F7-4668-BE54-9A1E7A4F7556}") = "RaspberryPi.Modem", "Services\RaspberryPi.Modem\RaspberryPi.Modem.csproj", "{DE163843-031B-4488-9211-77C5D28855FF}"
EndProject
Project("{9A19103F-16F7-4668-BE54-9A1E7A4F7556}") = "RaspberryPi.Camera.Tests", "Services\Tests\RaspberryPi.Camera.Tests\RaspberryPi.Camera.Tests.csproj", "{74547403-95FB-413D-93C0-92196CCEA02A}"
EndProject
Project("{9A19103F-16F7-4668-BE54-9A1E7A4F7556}") = "RaspberryPi.Client.IntegrationTests", "Services\Tests\RaspberryPi.Client.IntegrationTests\RaspberryPi.Client.IntegrationTests.csproj", "{00746B29-F0A8-4258-89CE-E452476EE3B1}"
EndProject
Project("{9A19103F-16F7-4668-BE54-9A1E7A4F7556}") = "RaspberryPi.Client.Tests", "Services\Tests\RaspberryPi.Client.Tests\RaspberryPi.Client.Tests.csproj", "{6BC0D12D-0064-4E43-8387-76ED1F3B273F}"
EndProject
Project("{9A19103F-16F7-4668-BE54-9A1E7A4F7556}") = "RaspberryPi.Driving.Tests", "Services\Tests\RaspberryPi.Driving.Tests\RaspberryPi.Driving.Tests.csproj", "{0E2F6E1F-F839-40C6-8CD8-9CFBF97A6BD8}"
EndProject
Project("{9A19103F-16F7-4668-BE54-9A1E7A4F7556}") = "RaspberryPi.Modem.IntegrationTests", "Services\Tests\RaspberryPi.Modem.IntegrationTests\RaspberryPi.Modem.IntegrationTests.csproj", "{EE48D346-E80E-4761-B0C8-65E97C674096}"
EndProject
Project("{9A19103F-16F7-4668-BE54-9A1E7A4F7556}") = "RaspberryPi.Modem.Tests", "Services\Tests\RaspberryPi.Modem.Tests\RaspberryPi.Modem.Tests.csproj", "{0AFB0065-322C-4DB5-BD46-E28AC6063956}"
EndProject
Project("{9A19103F-16F7-4668-BE54-9A1E7A4F7556}") = "RaspberryPi.Sensors.Tests", "Services\Tests\RaspberryPi.Sensors.Tests\RaspberryPi.Sensors.Tests.csproj", "{3D035A06-47FA-403C-8994-F8AC42ACAEB1}"
EndProject
Project("{9A19103F-16F7-4668-BE54-9A1E7A4F7556}") = "RaspberryPi.Server.Tests", "Services\Tests\RaspberryPi.Server.Tests\RaspberryPi.Server.Tests.csproj", "{AF8084CE-779C-43CD-BD84-B05E2266112D}"
EndProject
Global
	GlobalSection(SolutionConfigurationPlatforms) = preSolution
		Debug|Any CPU = Debug|Any CPU
		Debug|ARM32 = Debug|ARM32
		Debug|ARM64 = Debug|ARM64
		Debug|x64 = Debug|x64
		Release|Any CPU = Release|Any CPU
		Release|ARM32 = Release|ARM32
		Release|ARM64 = Release|ARM64
		Release|x64 = Release|x64
	EndGlobalSection
	GlobalSection(ProjectConfigurationPlatforms) = postSolution
		{9424A14D-C772-4AF8-B728-A788CA27CD70}.Debug|Any CPU.ActiveCfg = Debug|Any CPU
		{9424A14D-C772-4AF8-B728-A788CA27CD70}.Debug|Any CPU.Build.0 = Debug|Any CPU
		{9424A14D-C772-4AF8-B728-A788CA27CD70}.Debug|ARM32.ActiveCfg = Debug|ARM32
		{9424A14D-C772-4AF8-B728-A788CA27CD70}.Debug|ARM32.Build.0 = Debug|ARM32
		{9424A14D-C772-4AF8-B728-A788CA27CD70}.Debug|ARM64.ActiveCfg = Debug|ARM64
		{9424A14D-C772-4AF8-B728-A788CA27CD70}.Debug|ARM64.Build.0 = Debug|ARM64
		{9424A14D-C772-4AF8-B728-A788CA27CD70}.Debug|x64.ActiveCfg = Debug|Any CPU
		{9424A14D-C772-4AF8-B728-A788CA27CD70}.Debug|x64.Build.0 = Debug|Any CPU
		{9424A14D-C772-4AF8-B728-A788CA27CD70}.Release|Any CPU.ActiveCfg = Release|Any CPU
		{9424A14D-C772-4AF8-B728-A788CA27CD70}.Release|Any CPU.Build.0 = Release|Any CPU
		{9424A14D-C772-4AF8-B728-A788CA27CD70}.Release|ARM32.ActiveCfg = Release|ARM32
		{9424A14D-C772-4AF8-B728-A788CA27CD70}.Release|ARM32.Build.0 = Release|ARM32
		{9424A14D-C772-4AF8-B728-A788CA27CD70}.Release|ARM64.ActiveCfg = Release|ARM64
		{9424A14D-C772-4AF8-B728-A788CA27CD70}.Release|ARM64.Build.0 = Release|ARM64
		{9424A14D-C772-4AF8-B728-A788CA27CD70}.Release|x64.ActiveCfg = Release|Any CPU
		{9424A14D-C772-4AF8-B728-A788CA27CD70}.Release|x64.Build.0 = Release|Any CPU
		{C916FDEE-DA2C-458F-9113-A152D6BF61FD}.Debug|Any CPU.ActiveCfg = Debug|Any CPU
		{C916FDEE-DA2C-458F-9113-A152D6BF61FD}.Debug|Any CPU.Build.0 = Debug|Any CPU
		{C916FDEE-DA2C-458F-9113-A152D6BF61FD}.Debug|ARM32.ActiveCfg = Debug|ARM32
		{C916FDEE-DA2C-458F-9113-A152D6BF61FD}.Debug|ARM32.Build.0 = Debug|ARM32
		{C916FDEE-DA2C-458F-9113-A152D6BF61FD}.Debug|ARM64.ActiveCfg = Debug|ARM64
		{C916FDEE-DA2C-458F-9113-A152D6BF61FD}.Debug|ARM64.Build.0 = Debug|ARM64
		{C916FDEE-DA2C-458F-9113-A152D6BF61FD}.Debug|x64.ActiveCfg = Debug|Any CPU
		{C916FDEE-DA2C-458F-9113-A152D6BF61FD}.Debug|x64.Build.0 = Debug|Any CPU
		{C916FDEE-DA2C-458F-9113-A152D6BF61FD}.Release|Any CPU.ActiveCfg = Release|Any CPU
		{C916FDEE-DA2C-458F-9113-A152D6BF61FD}.Release|Any CPU.Build.0 = Release|Any CPU
		{C916FDEE-DA2C-458F-9113-A152D6BF61FD}.Release|ARM32.ActiveCfg = Release|ARM32
		{C916FDEE-DA2C-458F-9113-A152D6BF61FD}.Release|ARM32.Build.0 = Release|ARM32
		{C916FDEE-DA2C-458F-9113-A152D6BF61FD}.Release|ARM64.ActiveCfg = Release|ARM64
		{C916FDEE-DA2C-458F-9113-A152D6BF61FD}.Release|ARM64.Build.0 = Release|ARM64
		{C916FDEE-DA2C-458F-9113-A152D6BF61FD}.Release|x64.ActiveCfg = Release|Any CPU
		{C916FDEE-DA2C-458F-9113-A152D6BF61FD}.Release|x64.Build.0 = Release|Any CPU
		{72AB3EE1-35B2-4A4B-916B-CB9931F67442}.Debug|Any CPU.ActiveCfg = Debug|Any CPU
		{72AB3EE1-35B2-4A4B-916B-CB9931F67442}.Debug|Any CPU.Build.0 = Debug|Any CPU
		{72AB3EE1-35B2-4A4B-916B-CB9931F67442}.Debug|ARM32.ActiveCfg = Debug|ARM32
		{72AB3EE1-35B2-4A4B-916B-CB9931F67442}.Debug|ARM32.Build.0 = Debug|ARM32
		{72AB3EE1-35B2-4A4B-916B-CB9931F67442}.Debug|ARM64.ActiveCfg = Debug|ARM64
		{72AB3EE1-35B2-4A4B-916B-CB9931F67442}.Debug|ARM64.Build.0 = Debug|ARM64
		{72AB3EE1-35B2-4A4B-916B-CB9931F67442}.Debug|x64.ActiveCfg = Debug|Any CPU
		{72AB3EE1-35B2-4A4B-916B-CB9931F67442}.Debug|x64.Build.0 = Debug|Any CPU
		{72AB3EE1-35B2-4A4B-916B-CB9931F67442}.Release|Any CPU.ActiveCfg = Release|Any CPU
		{72AB3EE1-35B2-4A4B-916B-CB9931F67442}.Release|Any CPU.Build.0 = Release|Any CPU
		{72AB3EE1-35B2-4A4B-916B-CB9931F67442}.Release|ARM32.ActiveCfg = Release|ARM32
		{72AB3EE1-35B2-4A4B-916B-CB9931F67442}.Release|ARM32.Build.0 = Release|ARM32
		{72AB3EE1-35B2-4A4B-916B-CB9931F67442}.Release|ARM64.ActiveCfg = Release|ARM64
		{72AB3EE1-35B2-4A4B-916B-CB9931F67442}.Release|ARM64.Build.0 = Release|ARM64
		{72AB3EE1-35B2-4A4B-916B-CB9931F67442}.Release|x64.ActiveCfg = Release|Any CPU
		{72AB3EE1-35B2-4A4B-916B-CB9931F67442}.Release|x64.Build.0 = Release|Any CPU
		{5465B42A-E947-4626-902D-2A52382CBF66}.Debug|Any CPU.ActiveCfg = Debug|Any CPU
		{5465B42A-E947-4626-902D-2A52382CBF66}.Debug|Any CPU.Build.0 = Debug|Any CPU
		{5465B42A-E947-4626-902D-2A52382CBF66}.Debug|ARM32.ActiveCfg = Debug|ARM32
		{5465B42A-E947-4626-902D-2A52382CBF66}.Debug|ARM32.Build.0 = Debug|ARM32
		{5465B42A-E947-4626-902D-2A52382CBF66}.Debug|ARM64.ActiveCfg = Debug|ARM64
		{5465B42A-E947-4626-902D-2A52382CBF66}.Debug|ARM64.Build.0 = Debug|ARM64
		{5465B42A-E947-4626-902D-2A52382CBF66}.Debug|x64.ActiveCfg = Debug|Any CPU
		{5465B42A-E947-4626-902D-2A52382CBF66}.Debug|x64.Build.0 = Debug|Any CPU
		{5465B42A-E947-4626-902D-2A52382CBF66}.Release|Any CPU.ActiveCfg = Release|Any CPU
		{5465B42A-E947-4626-902D-2A52382CBF66}.Release|Any CPU.Build.0 = Release|Any CPU
		{5465B42A-E947-4626-902D-2A52382CBF66}.Release|ARM32.ActiveCfg = Release|Any CPU
		{5465B42A-E947-4626-902D-2A52382CBF66}.Release|ARM32.Build.0 = Release|Any CPU
		{5465B42A-E947-4626-902D-2A52382CBF66}.Release|ARM64.ActiveCfg = Release|Any CPU
		{5465B42A-E947-4626-902D-2A52382CBF66}.Release|ARM64.Build.0 = Release|Any CPU
		{5465B42A-E947-4626-902D-2A52382CBF66}.Release|x64.ActiveCfg = Release|Any CPU
		{5465B42A-E947-4626-902D-2A52382CBF66}.Release|x64.Build.0 = Release|Any CPU
		{3708024E-A82E-4D6F-8EC8-920A4E77770A}.Debug|Any CPU.ActiveCfg = Debug|Any CPU
		{3708024E-A82E-4D6F-8EC8-920A4E77770A}.Debug|Any CPU.Build.0 = Debug|Any CPU
		{3708024E-A82E-4D6F-8EC8-920A4E77770A}.Debug|ARM32.ActiveCfg = Debug|ARM32
		{3708024E-A82E-4D6F-8EC8-920A4E77770A}.Debug|ARM32.Build.0 = Debug|ARM32
		{3708024E-A82E-4D6F-8EC8-920A4E77770A}.Debug|ARM64.ActiveCfg = Debug|ARM64
		{3708024E-A82E-4D6F-8EC8-920A4E77770A}.Debug|ARM64.Build.0 = Debug|ARM64
		{3708024E-A82E-4D6F-8EC8-920A4E77770A}.Debug|x64.ActiveCfg = Debug|Any CPU
		{3708024E-A82E-4D6F-8EC8-920A4E77770A}.Debug|x64.Build.0 = Debug|Any CPU
		{3708024E-A82E-4D6F-8EC8-920A4E77770A}.Release|Any CPU.ActiveCfg = Release|Any CPU
		{3708024E-A82E-4D6F-8EC8-920A4E77770A}.Release|Any CPU.Build.0 = Release|Any CPU
		{3708024E-A82E-4D6F-8EC8-920A4E77770A}.Release|ARM32.ActiveCfg = Release|ARM32
		{3708024E-A82E-4D6F-8EC8-920A4E77770A}.Release|ARM32.Build.0 = Release|ARM32
		{3708024E-A82E-4D6F-8EC8-920A4E77770A}.Release|ARM64.ActiveCfg = Release|ARM64
		{3708024E-A82E-4D6F-8EC8-920A4E77770A}.Release|ARM64.Build.0 = Release|ARM64
		{3708024E-A82E-4D6F-8EC8-920A4E77770A}.Release|x64.ActiveCfg = Release|Any CPU
		{3708024E-A82E-4D6F-8EC8-920A4E77770A}.Release|x64.Build.0 = Release|Any CPU
		{84D796AE-8734-45AD-9B3D-C62E40F99727}.Debug|Any CPU.ActiveCfg = Debug|Any CPU
		{84D796AE-8734-45AD-9B3D-C62E40F99727}.Debug|Any CPU.Build.0 = Debug|Any CPU
		{84D796AE-8734-45AD-9B3D-C62E40F99727}.Debug|ARM32.ActiveCfg = Debug|ARM32
		{84D796AE-8734-45AD-9B3D-C62E40F99727}.Debug|ARM32.Build.0 = Debug|ARM32
		{84D796AE-8734-45AD-9B3D-C62E40F99727}.Debug|ARM64.ActiveCfg = Debug|ARM64
		{84D796AE-8734-45AD-9B3D-C62E40F99727}.Debug|ARM64.Build.0 = Debug|ARM64
		{84D796AE-8734-45AD-9B3D-C62E40F99727}.Debug|x64.ActiveCfg = Debug|Any CPU
		{84D796AE-8734-45AD-9B3D-C62E40F99727}.Debug|x64.Build.0 = Debug|Any CPU
		{84D796AE-8734-45AD-9B3D-C62E40F99727}.Release|Any CPU.ActiveCfg = Release|Any CPU
		{84D796AE-8734-45AD-9B3D-C62E40F99727}.Release|Any CPU.Build.0 = Release|Any CPU
		{84D796AE-8734-45AD-9B3D-C62E40F99727}.Release|ARM32.ActiveCfg = Release|ARM32
		{84D796AE-8734-45AD-9B3D-C62E40F99727}.Release|ARM32.Build.0 = Release|ARM32
		{84D796AE-8734-45AD-9B3D-C62E40F99727}.Release|ARM64.ActiveCfg = Release|ARM64
		{84D796AE-8734-45AD-9B3D-C62E40F99727}.Release|ARM64.Build.0 = Release|ARM64
		{84D796AE-8734-45AD-9B3D-C62E40F99727}.Release|x64.ActiveCfg = Release|Any CPU
		{84D796AE-8734-45AD-9B3D-C62E40F99727}.Release|x64.Build.0 = Release|Any CPU
		{5FF34E8F-43FE-49E9-B424-23C92086DAAD}.Debug|Any CPU.ActiveCfg = Debug|Any CPU
		{5FF34E8F-43FE-49E9-B424-23C92086DAAD}.Debug|Any CPU.Build.0 = Debug|Any CPU
		{5FF34E8F-43FE-49E9-B424-23C92086DAAD}.Debug|ARM32.ActiveCfg = Debug|ARM32
		{5FF34E8F-43FE-49E9-B424-23C92086DAAD}.Debug|ARM32.Build.0 = Debug|ARM32
		{5FF34E8F-43FE-49E9-B424-23C92086DAAD}.Debug|ARM64.ActiveCfg = Debug|ARM64
		{5FF34E8F-43FE-49E9-B424-23C92086DAAD}.Debug|ARM64.Build.0 = Debug|ARM64
		{5FF34E8F-43FE-49E9-B424-23C92086DAAD}.Debug|x64.ActiveCfg = Debug|Any CPU
		{5FF34E8F-43FE-49E9-B424-23C92086DAAD}.Debug|x64.Build.0 = Debug|Any CPU
		{5FF34E8F-43FE-49E9-B424-23C92086DAAD}.Release|Any CPU.ActiveCfg = Release|Any CPU
		{5FF34E8F-43FE-49E9-B424-23C92086DAAD}.Release|Any CPU.Build.0 = Release|Any CPU
		{5FF34E8F-43FE-49E9-B424-23C92086DAAD}.Release|ARM32.ActiveCfg = Release|ARM32
		{5FF34E8F-43FE-49E9-B424-23C92086DAAD}.Release|ARM32.Build.0 = Release|ARM32
		{5FF34E8F-43FE-49E9-B424-23C92086DAAD}.Release|ARM64.ActiveCfg = Release|ARM64
		{5FF34E8F-43FE-49E9-B424-23C92086DAAD}.Release|ARM64.Build.0 = Release|ARM64
		{5FF34E8F-43FE-49E9-B424-23C92086DAAD}.Release|x64.ActiveCfg = Release|Any CPU
		{5FF34E8F-43FE-49E9-B424-23C92086DAAD}.Release|x64.Build.0 = Release|Any CPU
		{F500AD8E-93D1-4B0D-AB54-7951B5195479}.Debug|Any CPU.ActiveCfg = Debug|Any CPU
		{F500AD8E-93D1-4B0D-AB54-7951B5195479}.Debug|Any CPU.Build.0 = Debug|Any CPU
		{F500AD8E-93D1-4B0D-AB54-7951B5195479}.Debug|ARM32.ActiveCfg = Debug|ARM32
		{F500AD8E-93D1-4B0D-AB54-7951B5195479}.Debug|ARM32.Build.0 = Debug|ARM32
		{F500AD8E-93D1-4B0D-AB54-7951B5195479}.Debug|ARM64.ActiveCfg = Debug|ARM64
		{F500AD8E-93D1-4B0D-AB54-7951B5195479}.Debug|ARM64.Build.0 = Debug|ARM64
		{F500AD8E-93D1-4B0D-AB54-7951B5195479}.Debug|x64.ActiveCfg = Debug|Any CPU
		{F500AD8E-93D1-4B0D-AB54-7951B5195479}.Debug|x64.Build.0 = Debug|Any CPU
		{F500AD8E-93D1-4B0D-AB54-7951B5195479}.Release|Any CPU.ActiveCfg = Release|Any CPU
		{F500AD8E-93D1-4B0D-AB54-7951B5195479}.Release|Any CPU.Build.0 = Release|Any CPU
		{F500AD8E-93D1-4B0D-AB54-7951B5195479}.Release|ARM32.ActiveCfg = Release|ARM32
		{F500AD8E-93D1-4B0D-AB54-7951B5195479}.Release|ARM32.Build.0 = Release|ARM32
		{F500AD8E-93D1-4B0D-AB54-7951B5195479}.Release|ARM64.ActiveCfg = Release|ARM64
		{F500AD8E-93D1-4B0D-AB54-7951B5195479}.Release|ARM64.Build.0 = Release|ARM64
		{F500AD8E-93D1-4B0D-AB54-7951B5195479}.Release|x64.ActiveCfg = Release|Any CPU
		{F500AD8E-93D1-4B0D-AB54-7951B5195479}.Release|x64.Build.0 = Release|Any CPU
		{21678AF2-E8D1-49F8-84BC-B33AF034042D}.Debug|Any CPU.ActiveCfg = Debug|Any CPU
		{21678AF2-E8D1-49F8-84BC-B33AF034042D}.Debug|Any CPU.Build.0 = Debug|Any CPU
		{21678AF2-E8D1-49F8-84BC-B33AF034042D}.Debug|ARM32.ActiveCfg = Debug|ARM32
		{21678AF2-E8D1-49F8-84BC-B33AF034042D}.Debug|ARM32.Build.0 = Debug|ARM32
		{21678AF2-E8D1-49F8-84BC-B33AF034042D}.Debug|ARM64.ActiveCfg = Debug|ARM64
		{21678AF2-E8D1-49F8-84BC-B33AF034042D}.Debug|ARM64.Build.0 = Debug|ARM64
		{21678AF2-E8D1-49F8-84BC-B33AF034042D}.Debug|x64.ActiveCfg = Debug|Any CPU
		{21678AF2-E8D1-49F8-84BC-B33AF034042D}.Debug|x64.Build.0 = Debug|Any CPU
		{21678AF2-E8D1-49F8-84BC-B33AF034042D}.Release|Any CPU.ActiveCfg = Release|Any CPU
		{21678AF2-E8D1-49F8-84BC-B33AF034042D}.Release|Any CPU.Build.0 = Release|Any CPU
		{21678AF2-E8D1-49F8-84BC-B33AF034042D}.Release|ARM32.ActiveCfg = Release|ARM32
		{21678AF2-E8D1-49F8-84BC-B33AF034042D}.Release|ARM32.Build.0 = Release|ARM32
		{21678AF2-E8D1-49F8-84BC-B33AF034042D}.Release|ARM64.ActiveCfg = Release|ARM64
		{21678AF2-E8D1-49F8-84BC-B33AF034042D}.Release|ARM64.Build.0 = Release|ARM64
		{21678AF2-E8D1-49F8-84BC-B33AF034042D}.Release|x64.ActiveCfg = Release|Any CPU
		{21678AF2-E8D1-49F8-84BC-B33AF034042D}.Release|x64.Build.0 = Release|Any CPU
		{A6F1BCF1-3F7F-493D-BEA3-B6AED4F582DE}.Debug|Any CPU.ActiveCfg = Debug|Any CPU
		{A6F1BCF1-3F7F-493D-BEA3-B6AED4F582DE}.Debug|Any CPU.Build.0 = Debug|Any CPU
		{A6F1BCF1-3F7F-493D-BEA3-B6AED4F582DE}.Debug|ARM32.ActiveCfg = Debug|ARM32
		{A6F1BCF1-3F7F-493D-BEA3-B6AED4F582DE}.Debug|ARM32.Build.0 = Debug|ARM32
		{A6F1BCF1-3F7F-493D-BEA3-B6AED4F582DE}.Debug|ARM64.ActiveCfg = Debug|ARM64
		{A6F1BCF1-3F7F-493D-BEA3-B6AED4F582DE}.Debug|ARM64.Build.0 = Debug|ARM64
		{A6F1BCF1-3F7F-493D-BEA3-B6AED4F582DE}.Debug|x64.ActiveCfg = Debug|Any CPU
		{A6F1BCF1-3F7F-493D-BEA3-B6AED4F582DE}.Debug|x64.Build.0 = Debug|Any CPU
		{A6F1BCF1-3F7F-493D-BEA3-B6AED4F582DE}.Release|Any CPU.ActiveCfg = Release|Any CPU
		{A6F1BCF1-3F7F-493D-BEA3-B6AED4F582DE}.Release|Any CPU.Build.0 = Release|Any CPU
		{A6F1BCF1-3F7F-493D-BEA3-B6AED4F582DE}.Release|ARM32.ActiveCfg = Release|ARM32
		{A6F1BCF1-3F7F-493D-BEA3-B6AED4F582DE}.Release|ARM32.Build.0 = Release|ARM32
		{A6F1BCF1-3F7F-493D-BEA3-B6AED4F582DE}.Release|ARM64.ActiveCfg = Release|ARM64
		{A6F1BCF1-3F7F-493D-BEA3-B6AED4F582DE}.Release|ARM64.Build.0 = Release|ARM64
		{A6F1BCF1-3F7F-493D-BEA3-B6AED4F582DE}.Release|x64.ActiveCfg = Release|Any CPU
		{A6F1BCF1-3F7F-493D-BEA3-B6AED4F582DE}.Release|x64.Build.0 = Release|Any CPU
		{F32B5882-4149-4842-913D-B8E968646B0C}.Debug|Any CPU.ActiveCfg = Debug|Any CPU
		{F32B5882-4149-4842-913D-B8E968646B0C}.Debug|Any CPU.Build.0 = Debug|Any CPU
		{F32B5882-4149-4842-913D-B8E968646B0C}.Debug|ARM32.ActiveCfg = Debug|Any CPU
		{F32B5882-4149-4842-913D-B8E968646B0C}.Debug|ARM32.Build.0 = Debug|Any CPU
		{F32B5882-4149-4842-913D-B8E968646B0C}.Debug|ARM64.ActiveCfg = Debug|Any CPU
		{F32B5882-4149-4842-913D-B8E968646B0C}.Debug|ARM64.Build.0 = Debug|Any CPU
		{F32B5882-4149-4842-913D-B8E968646B0C}.Debug|x64.ActiveCfg = Debug|x64
		{F32B5882-4149-4842-913D-B8E968646B0C}.Debug|x64.Build.0 = Debug|x64
		{F32B5882-4149-4842-913D-B8E968646B0C}.Release|Any CPU.ActiveCfg = Release|Any CPU
		{F32B5882-4149-4842-913D-B8E968646B0C}.Release|Any CPU.Build.0 = Release|Any CPU
		{F32B5882-4149-4842-913D-B8E968646B0C}.Release|ARM32.ActiveCfg = Release|Any CPU
		{F32B5882-4149-4842-913D-B8E968646B0C}.Release|ARM32.Build.0 = Release|Any CPU
		{F32B5882-4149-4842-913D-B8E968646B0C}.Release|ARM64.ActiveCfg = Release|Any CPU
		{F32B5882-4149-4842-913D-B8E968646B0C}.Release|ARM64.Build.0 = Release|Any CPU
		{F32B5882-4149-4842-913D-B8E968646B0C}.Release|x64.ActiveCfg = Release|x64
		{F32B5882-4149-4842-913D-B8E968646B0C}.Release|x64.Build.0 = Release|x64
		{349EAB16-2C52-4C69-8B79-4867BCA163DD}.Debug|Any CPU.ActiveCfg = Debug|Any CPU
		{349EAB16-2C52-4C69-8B79-4867BCA163DD}.Debug|Any CPU.Build.0 = Debug|Any CPU
		{349EAB16-2C52-4C69-8B79-4867BCA163DD}.Debug|ARM32.ActiveCfg = Debug|Any CPU
		{349EAB16-2C52-4C69-8B79-4867BCA163DD}.Debug|ARM32.Build.0 = Debug|Any CPU
		{349EAB16-2C52-4C69-8B79-4867BCA163DD}.Debug|ARM64.ActiveCfg = Debug|Any CPU
		{349EAB16-2C52-4C69-8B79-4867BCA163DD}.Debug|ARM64.Build.0 = Debug|Any CPU
		{349EAB16-2C52-4C69-8B79-4867BCA163DD}.Debug|x64.ActiveCfg = Debug|Any CPU
		{349EAB16-2C52-4C69-8B79-4867BCA163DD}.Debug|x64.Build.0 = Debug|Any CPU
		{349EAB16-2C52-4C69-8B79-4867BCA163DD}.Release|Any CPU.ActiveCfg = Release|Any CPU
		{349EAB16-2C52-4C69-8B79-4867BCA163DD}.Release|Any CPU.Build.0 = Release|Any CPU
		{349EAB16-2C52-4C69-8B79-4867BCA163DD}.Release|ARM32.ActiveCfg = Release|Any CPU
		{349EAB16-2C52-4C69-8B79-4867BCA163DD}.Release|ARM32.Build.0 = Release|Any CPU
		{349EAB16-2C52-4C69-8B79-4867BCA163DD}.Release|ARM64.ActiveCfg = Release|Any CPU
		{349EAB16-2C52-4C69-8B79-4867BCA163DD}.Release|ARM64.Build.0 = Release|Any CPU
		{349EAB16-2C52-4C69-8B79-4867BCA163DD}.Release|x64.ActiveCfg = Release|Any CPU
		{349EAB16-2C52-4C69-8B79-4867BCA163DD}.Release|x64.Build.0 = Release|Any CPU
		{FBE37484-9ED3-4453-B54A-FDA1AAB373FC}.Debug|Any CPU.ActiveCfg = Debug|Any CPU
		{FBE37484-9ED3-4453-B54A-FDA1AAB373FC}.Debug|Any CPU.Build.0 = Debug|Any CPU
		{FBE37484-9ED3-4453-B54A-FDA1AAB373FC}.Debug|ARM32.ActiveCfg = Debug|Any CPU
		{FBE37484-9ED3-4453-B54A-FDA1AAB373FC}.Debug|ARM32.Build.0 = Debug|Any CPU
		{FBE37484-9ED3-4453-B54A-FDA1AAB373FC}.Debug|ARM64.ActiveCfg = Debug|Any CPU
		{FBE37484-9ED3-4453-B54A-FDA1AAB373FC}.Debug|ARM64.Build.0 = Debug|Any CPU
		{FBE37484-9ED3-4453-B54A-FDA1AAB373FC}.Debug|x64.ActiveCfg = Debug|Any CPU
		{FBE37484-9ED3-4453-B54A-FDA1AAB373FC}.Debug|x64.Build.0 = Debug|Any CPU
		{FBE37484-9ED3-4453-B54A-FDA1AAB373FC}.Release|Any CPU.ActiveCfg = Release|Any CPU
		{FBE37484-9ED3-4453-B54A-FDA1AAB373FC}.Release|Any CPU.Build.0 = Release|Any CPU
		{FBE37484-9ED3-4453-B54A-FDA1AAB373FC}.Release|ARM32.ActiveCfg = Release|Any CPU
		{FBE37484-9ED3-4453-B54A-FDA1AAB373FC}.Release|ARM32.Build.0 = Release|Any CPU
		{FBE37484-9ED3-4453-B54A-FDA1AAB373FC}.Release|ARM64.ActiveCfg = Release|Any CPU
		{FBE37484-9ED3-4453-B54A-FDA1AAB373FC}.Release|ARM64.Build.0 = Release|Any CPU
		{FBE37484-9ED3-4453-B54A-FDA1AAB373FC}.Release|x64.ActiveCfg = Release|Any CPU
		{FBE37484-9ED3-4453-B54A-FDA1AAB373FC}.Release|x64.Build.0 = Release|Any CPU
		{DE163843-031B-4488-9211-77C5D28855FF}.Debug|Any CPU.ActiveCfg = Debug|Any CPU
		{DE163843-031B-4488-9211-77C5D28855FF}.Debug|Any CPU.Build.0 = Debug|Any CPU
		{DE163843-031B-4488-9211-77C5D28855FF}.Debug|ARM32.ActiveCfg = Debug|Any CPU
		{DE163843-031B-4488-9211-77C5D28855FF}.Debug|ARM32.Build.0 = Debug|Any CPU
		{DE163843-031B-4488-9211-77C5D28855FF}.Debug|ARM64.ActiveCfg = Debug|Any CPU
		{DE163843-031B-4488-9211-77C5D28855FF}.Debug|ARM64.Build.0 = Debug|Any CPU
		{DE163843-031B-4488-9211-77C5D28855FF}.Debug|x64.ActiveCfg = Debug|Any CPU
		{DE163843-031B-4488-9211-77C5D28855FF}.Debug|x64.Build.0 = Debug|Any CPU
		{DE163843-031B-4488-9211-77C5D28855FF}.Release|Any CPU.ActiveCfg = Release|Any CPU
		{DE163843-031B-4488-9211-77C5D28855FF}.Release|Any CPU.Build.0 = Release|Any CPU
		{DE163843-031B-4488-9211-77C5D28855FF}.Release|ARM32.ActiveCfg = Release|Any CPU
		{DE163843-031B-4488-9211-77C5D28855FF}.Release|ARM32.Build.0 = Release|Any CPU
		{DE163843-031B-4488-9211-77C5D28855FF}.Release|ARM64.ActiveCfg = Release|Any CPU
		{DE163843-031B-4488-9211-77C5D28855FF}.Release|ARM64.Build.0 = Release|Any CPU
		{DE163843-031B-4488-9211-77C5D28855FF}.Release|x64.ActiveCfg = Release|Any CPU
		{DE163843-031B-4488-9211-77C5D28855FF}.Release|x64.Build.0 = Release|Any CPU
		{74547403-95FB-413D-93C0-92196CCEA02A}.Debug|Any CPU.ActiveCfg = Debug|Any CPU
		{74547403-95FB-413D-93C0-92196CCEA02A}.Debug|Any CPU.Build.0 = Debug|Any CPU
		{74547403-95FB-413D-93C0-92196CCEA02A}.Debug|ARM32.ActiveCfg = Debug|ARM32
		{74547403-95FB-413D-93C0-92196CCEA02A}.Debug|ARM32.Build.0 = Debug|ARM32
		{74547403-95FB-413D-93C0-92196CCEA02A}.Debug|ARM64.ActiveCfg = Debug|ARM64
		{74547403-95FB-413D-93C0-92196CCEA02A}.Debug|ARM64.Build.0 = Debug|ARM64
		{74547403-95FB-413D-93C0-92196CCEA02A}.Debug|x64.ActiveCfg = Debug|Any CPU
		{74547403-95FB-413D-93C0-92196CCEA02A}.Debug|x64.Build.0 = Debug|Any CPU
		{74547403-95FB-413D-93C0-92196CCEA02A}.Release|Any CPU.ActiveCfg = Release|Any CPU
		{74547403-95FB-413D-93C0-92196CCEA02A}.Release|Any CPU.Build.0 = Release|Any CPU
		{74547403-95FB-413D-93C0-92196CCEA02A}.Release|ARM32.ActiveCfg = Release|ARM32
		{74547403-95FB-413D-93C0-92196CCEA02A}.Release|ARM32.Build.0 = Release|ARM32
		{74547403-95FB-413D-93C0-92196CCEA02A}.Release|ARM64.ActiveCfg = Release|ARM64
		{74547403-95FB-413D-93C0-92196CCEA02A}.Release|ARM64.Build.0 = Release|ARM64
		{74547403-95FB-413D-93C0-92196CCEA02A}.Release|x64.ActiveCfg = Release|Any CPU
		{74547403-95FB-413D-93C0-92196CCEA02A}.Release|x64.Build.0 = Release|Any CPU
		{00746B29-F0A8-4258-89CE-E452476EE3B1}.Debug|Any CPU.ActiveCfg = Debug|Any CPU
		{00746B29-F0A8-4258-89CE-E452476EE3B1}.Debug|Any CPU.Build.0 = Debug|Any CPU
		{00746B29-F0A8-4258-89CE-E452476EE3B1}.Debug|ARM32.ActiveCfg = Debug|Any CPU
		{00746B29-F0A8-4258-89CE-E452476EE3B1}.Debug|ARM32.Build.0 = Debug|Any CPU
		{00746B29-F0A8-4258-89CE-E452476EE3B1}.Debug|ARM64.ActiveCfg = Debug|Any CPU
		{00746B29-F0A8-4258-89CE-E452476EE3B1}.Debug|ARM64.Build.0 = Debug|Any CPU
		{00746B29-F0A8-4258-89CE-E452476EE3B1}.Debug|x64.ActiveCfg = Debug|Any CPU
		{00746B29-F0A8-4258-89CE-E452476EE3B1}.Debug|x64.Build.0 = Debug|Any CPU
		{00746B29-F0A8-4258-89CE-E452476EE3B1}.Release|Any CPU.ActiveCfg = Release|Any CPU
		{00746B29-F0A8-4258-89CE-E452476EE3B1}.Release|Any CPU.Build.0 = Release|Any CPU
		{00746B29-F0A8-4258-89CE-E452476EE3B1}.Release|ARM32.ActiveCfg = Release|Any CPU
		{00746B29-F0A8-4258-89CE-E452476EE3B1}.Release|ARM32.Build.0 = Release|Any CPU
		{00746B29-F0A8-4258-89CE-E452476EE3B1}.Release|ARM64.ActiveCfg = Release|Any CPU
		{00746B29-F0A8-4258-89CE-E452476EE3B1}.Release|ARM64.Build.0 = Release|Any CPU
		{00746B29-F0A8-4258-89CE-E452476EE3B1}.Release|x64.ActiveCfg = Release|Any CPU
		{00746B29-F0A8-4258-89CE-E452476EE3B1}.Release|x64.Build.0 = Release|Any CPU
		{6BC0D12D-0064-4E43-8387-76ED1F3B273F}.Debug|Any CPU.ActiveCfg = Debug|Any CPU
		{6BC0D12D-0064-4E43-8387-76ED1F3B273F}.Debug|Any CPU.Build.0 = Debug|Any CPU
		{6BC0D12D-0064-4E43-8387-76ED1F3B273F}.Debug|ARM32.ActiveCfg = Debug|ARM32
		{6BC0D12D-0064-4E43-8387-76ED1F3B273F}.Debug|ARM32.Build.0 = Debug|ARM32
		{6BC0D12D-0064-4E43-8387-76ED1F3B273F}.Debug|ARM64.ActiveCfg = Debug|ARM64
		{6BC0D12D-0064-4E43-8387-76ED1F3B273F}.Debug|ARM64.Build.0 = Debug|ARM64
		{6BC0D12D-0064-4E43-8387-76ED1F3B273F}.Debug|x64.ActiveCfg = Debug|Any CPU
		{6BC0D12D-0064-4E43-8387-76ED1F3B273F}.Debug|x64.Build.0 = Debug|Any CPU
		{6BC0D12D-0064-4E43-8387-76ED1F3B273F}.Release|Any CPU.ActiveCfg = Release|Any CPU
		{6BC0D12D-0064-4E43-8387-76ED1F3B273F}.Release|Any CPU.Build.0 = Release|Any CPU
		{6BC0D12D-0064-4E43-8387-76ED1F3B273F}.Release|ARM32.ActiveCfg = Release|ARM32
		{6BC0D12D-0064-4E43-8387-76ED1F3B273F}.Release|ARM32.Build.0 = Release|ARM32
		{6BC0D12D-0064-4E43-8387-76ED1F3B273F}.Release|ARM64.ActiveCfg = Release|ARM64
		{6BC0D12D-0064-4E43-8387-76ED1F3B273F}.Release|ARM64.Build.0 = Release|ARM64
		{6BC0D12D-0064-4E43-8387-76ED1F3B273F}.Release|x64.ActiveCfg = Release|Any CPU
		{6BC0D12D-0064-4E43-8387-76ED1F3B273F}.Release|x64.Build.0 = Release|Any CPU
		{0E2F6E1F-F839-40C6-8CD8-9CFBF97A6BD8}.Debug|Any CPU.ActiveCfg = Debug|Any CPU
		{0E2F6E1F-F839-40C6-8CD8-9CFBF97A6BD8}.Debug|Any CPU.Build.0 = Debug|Any CPU
		{0E2F6E1F-F839-40C6-8CD8-9CFBF97A6BD8}.Debug|ARM32.ActiveCfg = Debug|ARM32
		{0E2F6E1F-F839-40C6-8CD8-9CFBF97A6BD8}.Debug|ARM32.Build.0 = Debug|ARM32
		{0E2F6E1F-F839-40C6-8CD8-9CFBF97A6BD8}.Debug|ARM64.ActiveCfg = Debug|ARM64
		{0E2F6E1F-F839-40C6-8CD8-9CFBF97A6BD8}.Debug|ARM64.Build.0 = Debug|ARM64
		{0E2F6E1F-F839-40C6-8CD8-9CFBF97A6BD8}.Debug|x64.ActiveCfg = Debug|Any CPU
		{0E2F6E1F-F839-40C6-8CD8-9CFBF97A6BD8}.Debug|x64.Build.0 = Debug|Any CPU
		{0E2F6E1F-F839-40C6-8CD8-9CFBF97A6BD8}.Release|Any CPU.ActiveCfg = Release|Any CPU
		{0E2F6E1F-F839-40C6-8CD8-9CFBF97A6BD8}.Release|Any CPU.Build.0 = Release|Any CPU
		{0E2F6E1F-F839-40C6-8CD8-9CFBF97A6BD8}.Release|ARM32.ActiveCfg = Release|ARM32
		{0E2F6E1F-F839-40C6-8CD8-9CFBF97A6BD8}.Release|ARM32.Build.0 = Release|ARM32
		{0E2F6E1F-F839-40C6-8CD8-9CFBF97A6BD8}.Release|ARM64.ActiveCfg = Release|ARM64
		{0E2F6E1F-F839-40C6-8CD8-9CFBF97A6BD8}.Release|ARM64.Build.0 = Release|ARM64
		{0E2F6E1F-F839-40C6-8CD8-9CFBF97A6BD8}.Release|x64.ActiveCfg = Release|Any CPU
		{0E2F6E1F-F839-40C6-8CD8-9CFBF97A6BD8}.Release|x64.Build.0 = Release|Any CPU
		{EE48D346-E80E-4761-B0C8-65E97C674096}.Debug|Any CPU.ActiveCfg = Debug|Any CPU
		{EE48D346-E80E-4761-B0C8-65E97C674096}.Debug|Any CPU.Build.0 = Debug|Any CPU
		{EE48D346-E80E-4761-B0C8-65E97C674096}.Debug|ARM32.ActiveCfg = Debug|Any CPU
		{EE48D346-E80E-4761-B0C8-65E97C674096}.Debug|ARM32.Build.0 = Debug|Any CPU
		{EE48D346-E80E-4761-B0C8-65E97C674096}.Debug|ARM64.ActiveCfg = Debug|Any CPU
		{EE48D346-E80E-4761-B0C8-65E97C674096}.Debug|ARM64.Build.0 = Debug|Any CPU
		{EE48D346-E80E-4761-B0C8-65E97C674096}.Debug|x64.ActiveCfg = Debug|Any CPU
		{EE48D346-E80E-4761-B0C8-65E97C674096}.Debug|x64.Build.0 = Debug|Any CPU
		{EE48D346-E80E-4761-B0C8-65E97C674096}.Release|Any CPU.ActiveCfg = Release|Any CPU
		{EE48D346-E80E-4761-B0C8-65E97C674096}.Release|Any CPU.Build.0 = Release|Any CPU
		{EE48D346-E80E-4761-B0C8-65E97C674096}.Release|ARM32.ActiveCfg = Release|Any CPU
		{EE48D346-E80E-4761-B0C8-65E97C674096}.Release|ARM32.Build.0 = Release|Any CPU
		{EE48D346-E80E-4761-B0C8-65E97C674096}.Release|ARM64.ActiveCfg = Release|Any CPU
		{EE48D346-E80E-4761-B0C8-65E97C674096}.Release|ARM64.Build.0 = Release|Any CPU
		{EE48D346-E80E-4761-B0C8-65E97C674096}.Release|x64.ActiveCfg = Release|Any CPU
		{EE48D346-E80E-4761-B0C8-65E97C674096}.Release|x64.Build.0 = Release|Any CPU
		{0AFB0065-322C-4DB5-BD46-E28AC6063956}.Debug|Any CPU.ActiveCfg = Debug|Any CPU
		{0AFB0065-322C-4DB5-BD46-E28AC6063956}.Debug|Any CPU.Build.0 = Debug|Any CPU
		{0AFB0065-322C-4DB5-BD46-E28AC6063956}.Debug|ARM32.ActiveCfg = Debug|Any CPU
		{0AFB0065-322C-4DB5-BD46-E28AC6063956}.Debug|ARM32.Build.0 = Debug|Any CPU
		{0AFB0065-322C-4DB5-BD46-E28AC6063956}.Debug|ARM64.ActiveCfg = Debug|Any CPU
		{0AFB0065-322C-4DB5-BD46-E28AC6063956}.Debug|ARM64.Build.0 = Debug|Any CPU
		{0AFB0065-322C-4DB5-BD46-E28AC6063956}.Debug|x64.ActiveCfg = Debug|Any CPU
		{0AFB0065-322C-4DB5-BD46-E28AC6063956}.Debug|x64.Build.0 = Debug|Any CPU
		{0AFB0065-322C-4DB5-BD46-E28AC6063956}.Release|Any CPU.ActiveCfg = Release|Any CPU
		{0AFB0065-322C-4DB5-BD46-E28AC6063956}.Release|Any CPU.Build.0 = Release|Any CPU
		{0AFB0065-322C-4DB5-BD46-E28AC6063956}.Release|ARM32.ActiveCfg = Release|Any CPU
		{0AFB0065-322C-4DB5-BD46-E28AC6063956}.Release|ARM32.Build.0 = Release|Any CPU
		{0AFB0065-322C-4DB5-BD46-E28AC6063956}.Release|ARM64.ActiveCfg = Release|Any CPU
		{0AFB0065-322C-4DB5-BD46-E28AC6063956}.Release|ARM64.Build.0 = Release|Any CPU
		{0AFB0065-322C-4DB5-BD46-E28AC6063956}.Release|x64.ActiveCfg = Release|Any CPU
		{0AFB0065-322C-4DB5-BD46-E28AC6063956}.Release|x64.Build.0 = Release|Any CPU
		{3D035A06-47FA-403C-8994-F8AC42ACAEB1}.Debug|Any CPU.ActiveCfg = Debug|Any CPU
		{3D035A06-47FA-403C-8994-F8AC42ACAEB1}.Debug|Any CPU.Build.0 = Debug|Any CPU
		{3D035A06-47FA-403C-8994-F8AC42ACAEB1}.Debug|ARM32.ActiveCfg = Debug|ARM32
		{3D035A06-47FA-403C-8994-F8AC42ACAEB1}.Debug|ARM32.Build.0 = Debug|ARM32
		{3D035A06-47FA-403C-8994-F8AC42ACAEB1}.Debug|ARM64.ActiveCfg = Debug|ARM64
		{3D035A06-47FA-403C-8994-F8AC42ACAEB1}.Debug|ARM64.Build.0 = Debug|ARM64
		{3D035A06-47FA-403C-8994-F8AC42ACAEB1}.Debug|x64.ActiveCfg = Debug|Any CPU
		{3D035A06-47FA-403C-8994-F8AC42ACAEB1}.Debug|x64.Build.0 = Debug|Any CPU
		{3D035A06-47FA-403C-8994-F8AC42ACAEB1}.Release|Any CPU.ActiveCfg = Release|Any CPU
		{3D035A06-47FA-403C-8994-F8AC42ACAEB1}.Release|Any CPU.Build.0 = Release|Any CPU
		{3D035A06-47FA-403C-8994-F8AC42ACAEB1}.Release|ARM32.ActiveCfg = Release|ARM32
		{3D035A06-47FA-403C-8994-F8AC42ACAEB1}.Release|ARM32.Build.0 = Release|ARM32
		{3D035A06-47FA-403C-8994-F8AC42ACAEB1}.Release|ARM64.ActiveCfg = Release|ARM64
		{3D035A06-47FA-403C-8994-F8AC42ACAEB1}.Release|ARM64.Build.0 = Release|ARM64
		{3D035A06-47FA-403C-8994-F8AC42ACAEB1}.Release|x64.ActiveCfg = Release|Any CPU
		{3D035A06-47FA-403C-8994-F8AC42ACAEB1}.Release|x64.Build.0 = Release|Any CPU
		{AF8084CE-779C-43CD-BD84-B05E2266112D}.Debug|Any CPU.ActiveCfg = Debug|Any CPU
		{AF8084CE-779C-43CD-BD84-B05E2266112D}.Debug|Any CPU.Build.0 = Debug|Any CPU
		{AF8084CE-779C-43CD-BD84-B05E2266112D}.Debug|ARM32.ActiveCfg = Debug|ARM32
		{AF8084CE-779C-43CD-BD84-B05E2266112D}.Debug|ARM32.Build.0 = Debug|ARM32
		{AF8084CE-779C-43CD-BD84-B05E2266112D}.Debug|ARM64.ActiveCfg = Debug|ARM64
		{AF8084CE-779C-43CD-BD84-B05E2266112D}.Debug|ARM64.Build.0 = Debug|ARM64
		{AF8084CE-779C-43CD-BD84-B05E2266112D}.Debug|x64.ActiveCfg = Debug|Any CPU
		{AF8084CE-779C-43CD-BD84-B05E2266112D}.Debug|x64.Build.0 = Debug|Any CPU
		{AF8084CE-779C-43CD-BD84-B05E2266112D}.Release|Any CPU.ActiveCfg = Release|Any CPU
		{AF8084CE-779C-43CD-BD84-B05E2266112D}.Release|Any CPU.Build.0 = Release|Any CPU
		{AF8084CE-779C-43CD-BD84-B05E2266112D}.Release|ARM32.ActiveCfg = Release|ARM32
		{AF8084CE-779C-43CD-BD84-B05E2266112D}.Release|ARM32.Build.0 = Release|ARM32
		{AF8084CE-779C-43CD-BD84-B05E2266112D}.Release|ARM64.ActiveCfg = Release|ARM64
		{AF8084CE-779C-43CD-BD84-B05E2266112D}.Release|ARM64.Build.0 = Release|ARM64
		{AF8084CE-779C-43CD-BD84-B05E2266112D}.Release|x64.ActiveCfg = Release|Any CPU
		{AF8084CE-779C-43CD-BD84-B05E2266112D}.Release|x64.Build.0 = Release|Any CPU
	EndGlobalSection
	GlobalSection(SolutionProperties) = preSolution
		HideSolutionNode = FALSE
	EndGlobalSection
	GlobalSection(NestedProjects) = preSolution
		{D06EA8A3-3C4E-4935-B189-2DFCBC497C79} = {DFF02CAA-B468-4EDC-BD3D-F8572B46D5EB}
		{84D796AE-8734-45AD-9B3D-C62E40F99727} = {DFF02CAA-B468-4EDC-BD3D-F8572B46D5EB}
		{5FF34E8F-43FE-49E9-B424-23C92086DAAD} = {DFF02CAA-B468-4EDC-BD3D-F8572B46D5EB}
		{F500AD8E-93D1-4B0D-AB54-7951B5195479} = {DFF02CAA-B468-4EDC-BD3D-F8572B46D5EB}
		{21678AF2-E8D1-49F8-84BC-B33AF034042D} = {DFF02CAA-B468-4EDC-BD3D-F8572B46D5EB}
		{A6F1BCF1-3F7F-493D-BEA3-B6AED4F582DE} = {DFF02CAA-B468-4EDC-BD3D-F8572B46D5EB}
		{F32B5882-4149-4842-913D-B8E968646B0C} = {DFF02CAA-B468-4EDC-BD3D-F8572B46D5EB}
		{349EAB16-2C52-4C69-8B79-4867BCA163DD} = {DFF02CAA-B468-4EDC-BD3D-F8572B46D5EB}
		{FBE37484-9ED3-4453-B54A-FDA1AAB373FC} = {DFF02CAA-B468-4EDC-BD3D-F8572B46D5EB}
		{DE163843-031B-4488-9211-77C5D28855FF} = {DFF02CAA-B468-4EDC-BD3D-F8572B46D5EB}
		{74547403-95FB-413D-93C0-92196CCEA02A} = {D06EA8A3-3C4E-4935-B189-2DFCBC497C79}
		{00746B29-F0A8-4258-89CE-E452476EE3B1} = {D06EA8A3-3C4E-4935-B189-2DFCBC497C79}
		{6BC0D12D-0064-4E43-8387-76ED1F3B273F} = {D06EA8A3-3C4E-4935-B189-2DFCBC497C79}
		{0E2F6E1F-F839-40C6-8CD8-9CFBF97A6BD8} = {D06EA8A3-3C4E-4935-B189-2DFCBC497C79}
		{EE48D346-E80E-4761-B0C8-65E97C674096} = {D06EA8A3-3C4E-4935-B189-2DFCBC497C79}
		{0AFB0065-322C-4DB5-BD46-E28AC6063956} = {D06EA8A3-3C4E-4935-B189-2DFCBC497C79}
		{3D035A06-47FA-403C-8994-F8AC42ACAEB1} = {D06EA8A3-3C4E-4935-B189-2DFCBC497C79}
		{AF8084CE-779C-43CD-BD84-B05E2266112D} = {D06EA8A3-3C4E-4935-B189-2DFCBC497C79}
	EndGlobalSection
	GlobalSection(ExtensibilityGlobals) = postSolution
		SolutionGuid = {05E0FE84-CDEB-4056-BE83-86645B030CAA}
	EndGlobalSection
EndGlobal
