
Microsoft Visual Studio Solution File, Format Version 12.00
# Visual Studio Version 17
VisualStudioVersion = 17.7.34302.85
MinimumVisualStudioVersion = 10.0.40219.1
Project("{9A19103F-16F7-4668-BE54-9A1E7A4F7556}") = "RaspberryPi.Common", "RaspberryPi.Common\RaspberryPi.Common.csproj", "{9424A14D-C772-4AF8-B728-A788CA27CD70}"
EndProject
Project("{9A19103F-16F7-4668-BE54-9A1E7A4F7556}") = "RaspberryPi.CarModule", "RaspberryPi.CarModule\RaspberryPi.CarModule.csproj", "{4663464F-CD01-427A-9D2E-9DBED5C4C14A}"
EndProject
Project("{9A19103F-16F7-4668-BE54-9A1E7A4F7556}") = "RaspberryPi.TcpServerModule", "RaspberryPi.TcpServerModule\RaspberryPi.TcpServerModule.csproj", "{37181A05-724E-4841-A220-844CFCFB7FC4}"
EndProject
Project("{9A19103F-16F7-4668-BE54-9A1E7A4F7556}") = "GorudoYami.Common", "..\GorudoYami\GorudoYami.Common\GorudoYami.Common.csproj", "{1EC295DF-AB24-46AC-87C6-2BF44E0B3276}"
EndProject
Project("{FAE04EC0-301F-11D3-BF4B-00C04F79EFBC}") = "RaspberryPi", "RaspberryPi\RaspberryPi.csproj", "{C916FDEE-DA2C-458F-9113-A152D6BF61FD}"
EndProject
Project("{FAE04EC0-301F-11D3-BF4B-00C04F79EFBC}") = "RaspberryPi.TcpClientModule", "RaspberryPi.TcpClientModule\RaspberryPi.TcpClientModule.csproj", "{ACF68662-8D26-4504-A766-B902555400B2}"
EndProject
Global
	GlobalSection(SolutionConfigurationPlatforms) = preSolution
		Debug|Any CPU = Debug|Any CPU
		Debug|x64 = Debug|x64
		Release|Any CPU = Release|Any CPU
		Release|x64 = Release|x64
	EndGlobalSection
	GlobalSection(ProjectConfigurationPlatforms) = postSolution
		{9424A14D-C772-4AF8-B728-A788CA27CD70}.Debug|Any CPU.ActiveCfg = Debug|Any CPU
		{9424A14D-C772-4AF8-B728-A788CA27CD70}.Debug|Any CPU.Build.0 = Debug|Any CPU
		{9424A14D-C772-4AF8-B728-A788CA27CD70}.Debug|x64.ActiveCfg = Debug|Any CPU
		{9424A14D-C772-4AF8-B728-A788CA27CD70}.Debug|x64.Build.0 = Debug|Any CPU
		{9424A14D-C772-4AF8-B728-A788CA27CD70}.Release|Any CPU.ActiveCfg = Release|Any CPU
		{9424A14D-C772-4AF8-B728-A788CA27CD70}.Release|Any CPU.Build.0 = Release|Any CPU
		{9424A14D-C772-4AF8-B728-A788CA27CD70}.Release|x64.ActiveCfg = Release|Any CPU
		{9424A14D-C772-4AF8-B728-A788CA27CD70}.Release|x64.Build.0 = Release|Any CPU
		{4663464F-CD01-427A-9D2E-9DBED5C4C14A}.Debug|Any CPU.ActiveCfg = Debug|Any CPU
		{4663464F-CD01-427A-9D2E-9DBED5C4C14A}.Debug|Any CPU.Build.0 = Debug|Any CPU
		{4663464F-CD01-427A-9D2E-9DBED5C4C14A}.Debug|x64.ActiveCfg = Debug|Any CPU
		{4663464F-CD01-427A-9D2E-9DBED5C4C14A}.Debug|x64.Build.0 = Debug|Any CPU
		{4663464F-CD01-427A-9D2E-9DBED5C4C14A}.Release|Any CPU.ActiveCfg = Release|Any CPU
		{4663464F-CD01-427A-9D2E-9DBED5C4C14A}.Release|Any CPU.Build.0 = Release|Any CPU
		{4663464F-CD01-427A-9D2E-9DBED5C4C14A}.Release|x64.ActiveCfg = Release|Any CPU
		{4663464F-CD01-427A-9D2E-9DBED5C4C14A}.Release|x64.Build.0 = Release|Any CPU
		{37181A05-724E-4841-A220-844CFCFB7FC4}.Debug|Any CPU.ActiveCfg = Debug|Any CPU
		{37181A05-724E-4841-A220-844CFCFB7FC4}.Debug|Any CPU.Build.0 = Debug|Any CPU
		{37181A05-724E-4841-A220-844CFCFB7FC4}.Debug|x64.ActiveCfg = Debug|Any CPU
		{37181A05-724E-4841-A220-844CFCFB7FC4}.Debug|x64.Build.0 = Debug|Any CPU
		{37181A05-724E-4841-A220-844CFCFB7FC4}.Release|Any CPU.ActiveCfg = Release|Any CPU
		{37181A05-724E-4841-A220-844CFCFB7FC4}.Release|Any CPU.Build.0 = Release|Any CPU
		{37181A05-724E-4841-A220-844CFCFB7FC4}.Release|x64.ActiveCfg = Release|Any CPU
		{37181A05-724E-4841-A220-844CFCFB7FC4}.Release|x64.Build.0 = Release|Any CPU
		{1EC295DF-AB24-46AC-87C6-2BF44E0B3276}.Debug|Any CPU.ActiveCfg = Debug|Any CPU
		{1EC295DF-AB24-46AC-87C6-2BF44E0B3276}.Debug|Any CPU.Build.0 = Debug|Any CPU
		{1EC295DF-AB24-46AC-87C6-2BF44E0B3276}.Debug|x64.ActiveCfg = Debug|Any CPU
		{1EC295DF-AB24-46AC-87C6-2BF44E0B3276}.Debug|x64.Build.0 = Debug|Any CPU
		{1EC295DF-AB24-46AC-87C6-2BF44E0B3276}.Release|Any CPU.ActiveCfg = Release|Any CPU
		{1EC295DF-AB24-46AC-87C6-2BF44E0B3276}.Release|Any CPU.Build.0 = Release|Any CPU
		{1EC295DF-AB24-46AC-87C6-2BF44E0B3276}.Release|x64.ActiveCfg = Release|Any CPU
		{1EC295DF-AB24-46AC-87C6-2BF44E0B3276}.Release|x64.Build.0 = Release|Any CPU
		{C916FDEE-DA2C-458F-9113-A152D6BF61FD}.Debug|Any CPU.ActiveCfg = Debug|Any CPU
		{C916FDEE-DA2C-458F-9113-A152D6BF61FD}.Debug|Any CPU.Build.0 = Debug|Any CPU
		{C916FDEE-DA2C-458F-9113-A152D6BF61FD}.Debug|x64.ActiveCfg = Debug|Any CPU
		{C916FDEE-DA2C-458F-9113-A152D6BF61FD}.Debug|x64.Build.0 = Debug|Any CPU
		{C916FDEE-DA2C-458F-9113-A152D6BF61FD}.Release|Any CPU.ActiveCfg = Release|Any CPU
		{C916FDEE-DA2C-458F-9113-A152D6BF61FD}.Release|Any CPU.Build.0 = Release|Any CPU
		{C916FDEE-DA2C-458F-9113-A152D6BF61FD}.Release|x64.ActiveCfg = Release|Any CPU
		{C916FDEE-DA2C-458F-9113-A152D6BF61FD}.Release|x64.Build.0 = Release|Any CPU
		{ACF68662-8D26-4504-A766-B902555400B2}.Debug|Any CPU.ActiveCfg = Debug|Any CPU
		{ACF68662-8D26-4504-A766-B902555400B2}.Debug|Any CPU.Build.0 = Debug|Any CPU
		{ACF68662-8D26-4504-A766-B902555400B2}.Debug|x64.ActiveCfg = Debug|Any CPU
		{ACF68662-8D26-4504-A766-B902555400B2}.Debug|x64.Build.0 = Debug|Any CPU
		{ACF68662-8D26-4504-A766-B902555400B2}.Release|Any CPU.ActiveCfg = Release|Any CPU
		{ACF68662-8D26-4504-A766-B902555400B2}.Release|Any CPU.Build.0 = Release|Any CPU
		{ACF68662-8D26-4504-A766-B902555400B2}.Release|x64.ActiveCfg = Release|Any CPU
		{ACF68662-8D26-4504-A766-B902555400B2}.Release|x64.Build.0 = Release|Any CPU
	EndGlobalSection
	GlobalSection(SolutionProperties) = preSolution
		HideSolutionNode = FALSE
	EndGlobalSection
	GlobalSection(ExtensibilityGlobals) = postSolution
		SolutionGuid = {05E0FE84-CDEB-4056-BE83-86645B030CAA}
	EndGlobalSection
EndGlobal
